
Microsoft Visual Studio Solution File, Format Version 12.00
# Visual Studio 15
VisualStudioVersion = 15.0.27703.2042
MinimumVisualStudioVersion = 10.0.40219.1
Project("{9A19103F-16F7-4668-BE54-9A1E7A4F7556}") = "AddressProvider", "AddressProvider\AddressProvider.csproj", "{176905DE-58BC-477A-ADCE-4E0701AD14F8}"
EndProject
Project("{FAE04EC0-301F-11D3-BF4B-00C04F79EFBC}") = "AddressProvider.Tests", "AddressProvider.Tests\AddressProvider.Tests.csproj", "{7E731FDE-B3C6-4C00-96A7-408D7A6C3BCD}"
EndProject
Global
	GlobalSection(SolutionConfigurationPlatforms) = preSolution
		Debug|Any CPU = Debug|Any CPU
		Release|Any CPU = Release|Any CPU
	EndGlobalSection
	GlobalSection(ProjectConfigurationPlatforms) = postSolution
		{176905DE-58BC-477A-ADCE-4E0701AD14F8}.Debug|Any CPU.ActiveCfg = Debug|Any CPU
		{176905DE-58BC-477A-ADCE-4E0701AD14F8}.Debug|Any CPU.Build.0 = Debug|Any CPU
		{176905DE-58BC-477A-ADCE-4E0701AD14F8}.Release|Any CPU.ActiveCfg = Release|Any CPU
		{176905DE-58BC-477A-ADCE-4E0701AD14F8}.Release|Any CPU.Build.0 = Release|Any CPU
		{7E731FDE-B3C6-4C00-96A7-408D7A6C3BCD}.Debug|Any CPU.ActiveCfg = Debug|Any CPU
		{7E731FDE-B3C6-4C00-96A7-408D7A6C3BCD}.Debug|Any CPU.Build.0 = Debug|Any CPU
		{7E731FDE-B3C6-4C00-96A7-408D7A6C3BCD}.Release|Any CPU.ActiveCfg = Release|Any CPU
		{7E731FDE-B3C6-4C00-96A7-408D7A6C3BCD}.Release|Any CPU.Build.0 = Release|Any CPU
	EndGlobalSection
	GlobalSection(SolutionProperties) = preSolution
		HideSolutionNode = FALSE
	EndGlobalSection
	GlobalSection(ExtensibilityGlobals) = postSolution
		SolutionGuid = {26E69C80-7C28-40E9-AE32-A33D8DC3C5B2}
	EndGlobalSection
EndGlobal
